
Microsoft Visual Studio Solution File, Format Version 12.00
# Visual Studio Version 17
VisualStudioVersion = 17.5.33530.505
MinimumVisualStudioVersion = 10.0.40219.1
Project("{FAE04EC0-301F-11D3-BF4B-00C04F79EFBC}") = "PojetoEmprestimoLivros", "PojetoEmprestimoLivros\PojetoEmprestimoLivros.csproj", "{05236614-2B9B-472D-8268-0CC1F211D769}"
EndProject
Global
	GlobalSection(SolutionConfigurationPlatforms) = preSolution
		Debug|Any CPU = Debug|Any CPU
		Release|Any CPU = Release|Any CPU
	EndGlobalSection
	GlobalSection(ProjectConfigurationPlatforms) = postSolution
		{05236614-2B9B-472D-8268-0CC1F211D769}.Debug|Any CPU.ActiveCfg = Debug|Any CPU
		{05236614-2B9B-472D-8268-0CC1F211D769}.Debug|Any CPU.Build.0 = Debug|Any CPU
		{05236614-2B9B-472D-8268-0CC1F211D769}.Release|Any CPU.ActiveCfg = Release|Any CPU
		{05236614-2B9B-472D-8268-0CC1F211D769}.Release|Any CPU.Build.0 = Release|Any CPU
	EndGlobalSection
	GlobalSection(SolutionProperties) = preSolution
		HideSolutionNode = FALSE
	EndGlobalSection
	GlobalSection(ExtensibilityGlobals) = postSolution
		SolutionGuid = {5486DEDD-9889-4F02-89FD-5B9D1DD2BFB7}
	EndGlobalSection
EndGlobal
